{
  "name": "sm-localization",
  "version": "1.0.0",
  "lockfileVersion": 3,
  "requires": true,
  "packages": {
    "": {
      "name": "sm-localization",
      "version": "1.0.0",
      "license": "ISC",
      "dependencies": {
        "@inlang/cli": "^2.18.1"
      }
    },
    "node_modules/@inlang/cli": {
      "version": "2.18.1",
      "resolved": "https://registry.npmjs.org/@inlang/cli/-/cli-2.18.1.tgz",
      "integrity": "sha512-6C/w7M9PbIs43GTheitckZCsW8Qc6F//S0iWCVL4BY2yIMXJJq1MLv3QC3qPkAHy+wpkJAnLPMnzyCJZBW50EQ==",
      "license": "Apache-2.0",
      "dependencies": {
        "esbuild-wasm": "^0.19.2"
      },
      "bin": {
        "inlang": "bin/run.js"
      },
      "engines": {
        "node": ">=18.0.0"
      }
    },
    "node_modules/esbuild-wasm": {
      "version": "0.19.12",
      "resolved": "https://registry.npmjs.org/esbuild-wasm/-/esbuild-wasm-0.19.12.tgz",
      "integrity": "sha512-Zmc4hk6FibJZBcTx5/8K/4jT3/oG1vkGTEeKJUQFCUQKimD6Q7+adp/bdVQyYJFolMKaXkQnVZdV4O5ZaTYmyQ==",
      "license": "MIT",
      "bin": {
        "esbuild": "bin/esbuild"
      },
      "engines": {
        "node": ">=12"
      }
    }
  }
}
